
Microsoft Visual Studio Solution File, Format Version 10.00
# Visual Studio 2008
Project("{8BC9CEB8-8B4A-11D0-8D11-00A0C91BC942}") = "TestCpp", "TestCpp\TestCpp.vcproj", "{A84BEDDB-E5C0-40AF-9A87-90F7401BC0C2}"
EndProject
Global
	GlobalSection(SolutionConfigurationPlatforms) = preSolution
		Debug|Win32 = Debug|Win32
		Debug|x64 = Debug|x64
		Release|Win32 = Release|Win32
		Release|x64 = Release|x64
	EndGlobalSection
	GlobalSection(ProjectConfigurationPlatforms) = postSolution
		{A84BEDDB-E5C0-40AF-9A87-90F7401BC0C2}.Debug|Win32.ActiveCfg = Debug|Win32
		{A84BEDDB-E5C0-40AF-9A87-90F7401BC0C2}.Debug|Win32.Build.0 = Debug|Win32
		{A84BEDDB-E5C0-40AF-9A87-90F7401BC0C2}.Debug|x64.ActiveCfg = Debug|x64
		{A84BEDDB-E5C0-40AF-9A87-90F7401BC0C2}.Debug|x64.Build.0 = Debug|x64
		{A84BEDDB-E5C0-40AF-9A87-90F7401BC0C2}.Release|Win32.ActiveCfg = Release|Win32
		{A84BEDDB-E5C0-40AF-9A87-90F7401BC0C2}.Release|Win32.Build.0 = Release|Win32
		{A84BEDDB-E5C0-40AF-9A87-90F7401BC0C2}.Release|x64.ActiveCfg = Release|x64
		{A84BEDDB-E5C0-40AF-9A87-90F7401BC0C2}.Release|x64.Build.0 = Release|x64
	EndGlobalSection
	GlobalSection(SolutionProperties) = preSolution
		HideSolutionNode = FALSE
	EndGlobalSection
EndGlobal
